
Microsoft Visual Studio Solution File, Format Version 12.00
# Visual Studio Version 16
VisualStudioVersion = 16.0.31613.86
MinimumVisualStudioVersion = 10.0.40219.1
Project("{FAE04EC0-301F-11D3-BF4B-00C04F79EFBC}") = "Sistema.Negocio", "Sistema.Negocio\Sistema.Negocio.csproj", "{FDDD104A-400A-4188-BF00-5B5C6FC61578}"
EndProject
Project("{FAE04EC0-301F-11D3-BF4B-00C04F79EFBC}") = "Sistema.Datos", "Sistema.Datos\Sistema.Datos.csproj", "{A0C29CC8-E43E-40C0-B12C-C2F12D8DB123}"
EndProject
Project("{FAE04EC0-301F-11D3-BF4B-00C04F79EFBC}") = "Sistema.Entidades", "Sistema.Entidades\Sistema.Entidades.csproj", "{D4E1A1A3-3F25-492A-91F4-6D3050E6BB2E}"
EndProject
Project("{FAE04EC0-301F-11D3-BF4B-00C04F79EFBC}") = "Sistema.Presentacion", "Sistema.Presentacion1\Sistema.Presentacion.csproj", "{77EB0780-10EA-4C73-9788-614A138D5431}"
EndProject
Global
	GlobalSection(SolutionConfigurationPlatforms) = preSolution
		Debug|Any CPU = Debug|Any CPU
		Release|Any CPU = Release|Any CPU
	EndGlobalSection
	GlobalSection(ProjectConfigurationPlatforms) = postSolution
		{FDDD104A-400A-4188-BF00-5B5C6FC61578}.Debug|Any CPU.ActiveCfg = Debug|Any CPU
		{FDDD104A-400A-4188-BF00-5B5C6FC61578}.Debug|Any CPU.Build.0 = Debug|Any CPU
		{FDDD104A-400A-4188-BF00-5B5C6FC61578}.Release|Any CPU.ActiveCfg = Release|Any CPU
		{FDDD104A-400A-4188-BF00-5B5C6FC61578}.Release|Any CPU.Build.0 = Release|Any CPU
		{A0C29CC8-E43E-40C0-B12C-C2F12D8DB123}.Debug|Any CPU.ActiveCfg = Debug|Any CPU
		{A0C29CC8-E43E-40C0-B12C-C2F12D8DB123}.Debug|Any CPU.Build.0 = Debug|Any CPU
		{A0C29CC8-E43E-40C0-B12C-C2F12D8DB123}.Release|Any CPU.ActiveCfg = Release|Any CPU
		{A0C29CC8-E43E-40C0-B12C-C2F12D8DB123}.Release|Any CPU.Build.0 = Release|Any CPU
		{D4E1A1A3-3F25-492A-91F4-6D3050E6BB2E}.Debug|Any CPU.ActiveCfg = Debug|Any CPU
		{D4E1A1A3-3F25-492A-91F4-6D3050E6BB2E}.Debug|Any CPU.Build.0 = Debug|Any CPU
		{D4E1A1A3-3F25-492A-91F4-6D3050E6BB2E}.Release|Any CPU.ActiveCfg = Release|Any CPU
		{D4E1A1A3-3F25-492A-91F4-6D3050E6BB2E}.Release|Any CPU.Build.0 = Release|Any CPU
		{77EB0780-10EA-4C73-9788-614A138D5431}.Debug|Any CPU.ActiveCfg = Debug|Any CPU
		{77EB0780-10EA-4C73-9788-614A138D5431}.Debug|Any CPU.Build.0 = Debug|Any CPU
		{77EB0780-10EA-4C73-9788-614A138D5431}.Release|Any CPU.ActiveCfg = Release|Any CPU
		{77EB0780-10EA-4C73-9788-614A138D5431}.Release|Any CPU.Build.0 = Release|Any CPU
	EndGlobalSection
	GlobalSection(SolutionProperties) = preSolution
		HideSolutionNode = FALSE
	EndGlobalSection
	GlobalSection(ExtensibilityGlobals) = postSolution
		SolutionGuid = {E400838F-2A73-4410-BEED-4C37F735CEF3}
	EndGlobalSection
EndGlobal
